
Microsoft Visual Studio Solution File, Format Version 12.00
# Visual Studio Version 16
VisualStudioVersion = 16.0.30907.101
MinimumVisualStudioVersion = 10.0.40219.1
Project("{FAE04EC0-301F-11D3-BF4B-00C04F79EFBC}") = "Jalvcas.PruebaTgr", "Jalvcas.PruebaTgr\Jalvcas.PruebaTgr.csproj", "{F23BA02D-890C-4B6B-9E65-26090718C502}"
EndProject
Global
	GlobalSection(SolutionConfigurationPlatforms) = preSolution
		Debug|Any CPU = Debug|Any CPU
		Release|Any CPU = Release|Any CPU
	EndGlobalSection
	GlobalSection(ProjectConfigurationPlatforms) = postSolution
		{F23BA02D-890C-4B6B-9E65-26090718C502}.Debug|Any CPU.ActiveCfg = Debug|Any CPU
		{F23BA02D-890C-4B6B-9E65-26090718C502}.Debug|Any CPU.Build.0 = Debug|Any CPU
		{F23BA02D-890C-4B6B-9E65-26090718C502}.Release|Any CPU.ActiveCfg = Release|Any CPU
		{F23BA02D-890C-4B6B-9E65-26090718C502}.Release|Any CPU.Build.0 = Release|Any CPU
	EndGlobalSection
	GlobalSection(SolutionProperties) = preSolution
		HideSolutionNode = FALSE
	EndGlobalSection
	GlobalSection(ExtensibilityGlobals) = postSolution
		SolutionGuid = {2C794ED4-E197-4B4C-AFB7-BCDCF0E3C8CB}
	EndGlobalSection
EndGlobal
